
Microsoft Visual Studio Solution File, Format Version 12.00
# Visual Studio Version 17
VisualStudioVersion = 17.3.32811.315
MinimumVisualStudioVersion = 10.0.40219.1
Project("{9A19103F-16F7-4668-BE54-9A1E7A4F7556}") = "SyncroCoder", "SyncroCoder\SyncroCoder.csproj", "{E22BE116-2655-4B9B-A918-3F6963B50402}"
EndProject
Global
	GlobalSection(SolutionConfigurationPlatforms) = preSolution
		Debug|Any CPU = Debug|Any CPU
		Release|Any CPU = Release|Any CPU
	EndGlobalSection
	GlobalSection(ProjectConfigurationPlatforms) = postSolution
		{E22BE116-2655-4B9B-A918-3F6963B50402}.Debug|Any CPU.ActiveCfg = Debug|Any CPU
		{E22BE116-2655-4B9B-A918-3F6963B50402}.Debug|Any CPU.Build.0 = Debug|Any CPU
		{E22BE116-2655-4B9B-A918-3F6963B50402}.Release|Any CPU.ActiveCfg = Release|Any CPU
		{E22BE116-2655-4B9B-A918-3F6963B50402}.Release|Any CPU.Build.0 = Release|Any CPU
	EndGlobalSection
	GlobalSection(SolutionProperties) = preSolution
		HideSolutionNode = FALSE
	EndGlobalSection
	GlobalSection(ExtensibilityGlobals) = postSolution
		SolutionGuid = {DE81AA8F-18B4-415E-8064-639D1F29DA1F}
	EndGlobalSection
EndGlobal
